
Microsoft Visual Studio Solution File, Format Version 12.00
# Visual Studio Version 17
VisualStudioVersion = 17.0.31912.275
MinimumVisualStudioVersion = 10.0.40219.1
Project("{2150E333-8FDC-42A3-9474-1A3956D46DE8}") = "Samples", "Samples", "{54EA27C3-173F-43E1-B8B3-134DA04982E7}"
EndProject
Project("{9A19103F-16F7-4668-BE54-9A1E7A4F7556}") = "UnitTests", "UnitTests\UnitTests.csproj", "{41513B73-E434-4864-80DC-4909E1558E49}"
EndProject
Project("{FAE04EC0-301F-11D3-BF4B-00C04F79EFBC}") = "WkHtmlToPdf-Net472", "WkHtmlToPdf-Net472\WkHtmlToPdf-Net472.csproj", "{801A1E4D-61E6-4595-9358-864333A4A45C}"
EndProject
Project("{FAE04EC0-301F-11D3-BF4B-00C04F79EFBC}") = "Test2ConsoleApp", "Test2ConsoleApp\Test2ConsoleApp.csproj", "{13966D5B-73AF-443C-B9ED-164D3F591C63}"
EndProject
Project("{E24C65DC-7377-472B-9ABA-BC803B73C61A}") = "TestWebSite1", "TestWebSite1\", "{8D02DD1A-70ED-4FDE-B14D-D168913CE282}"
	ProjectSection(WebsiteProperties) = preProject
		TargetFrameworkMoniker = ".NETFramework,Version%3Dv4.7.2"
		Debug.AspNetCompiler.VirtualPath = "/localhost_64852"
		Debug.AspNetCompiler.PhysicalPath = "TestWebSite1\"
		Debug.AspNetCompiler.TargetPath = "PrecompiledWeb\localhost_64852\"
		Debug.AspNetCompiler.Updateable = "true"
		Debug.AspNetCompiler.ForceOverwrite = "true"
		Debug.AspNetCompiler.FixedNames = "false"
		Debug.AspNetCompiler.Debug = "True"
		Release.AspNetCompiler.VirtualPath = "/localhost_64852"
		Release.AspNetCompiler.PhysicalPath = "TestWebSite1\"
		Release.AspNetCompiler.TargetPath = "PrecompiledWeb\localhost_64852\"
		Release.AspNetCompiler.Updateable = "true"
		Release.AspNetCompiler.ForceOverwrite = "true"
		Release.AspNetCompiler.FixedNames = "false"
		Release.AspNetCompiler.Debug = "False"
		VWDPort = "64852"
		SlnRelativePath = "TestWebSite1\"
	EndProjectSection
EndProject
Global
	GlobalSection(SolutionConfigurationPlatforms) = preSolution
		Debug|Any CPU = Debug|Any CPU
		Debug|x64 = Debug|x64
		Release|Any CPU = Release|Any CPU
		Release|x64 = Release|x64
	EndGlobalSection
	GlobalSection(ProjectConfigurationPlatforms) = postSolution
		{41513B73-E434-4864-80DC-4909E1558E49}.Debug|Any CPU.ActiveCfg = Debug|Any CPU
		{41513B73-E434-4864-80DC-4909E1558E49}.Debug|Any CPU.Build.0 = Debug|Any CPU
		{41513B73-E434-4864-80DC-4909E1558E49}.Debug|x64.ActiveCfg = Debug|Any CPU
		{41513B73-E434-4864-80DC-4909E1558E49}.Debug|x64.Build.0 = Debug|Any CPU
		{41513B73-E434-4864-80DC-4909E1558E49}.Release|Any CPU.ActiveCfg = Release|Any CPU
		{41513B73-E434-4864-80DC-4909E1558E49}.Release|Any CPU.Build.0 = Release|Any CPU
		{41513B73-E434-4864-80DC-4909E1558E49}.Release|x64.ActiveCfg = Release|Any CPU
		{41513B73-E434-4864-80DC-4909E1558E49}.Release|x64.Build.0 = Release|Any CPU
		{801A1E4D-61E6-4595-9358-864333A4A45C}.Debug|Any CPU.ActiveCfg = Debug|Any CPU
		{801A1E4D-61E6-4595-9358-864333A4A45C}.Debug|Any CPU.Build.0 = Debug|Any CPU
		{801A1E4D-61E6-4595-9358-864333A4A45C}.Debug|x64.ActiveCfg = Debug|Any CPU
		{801A1E4D-61E6-4595-9358-864333A4A45C}.Debug|x64.Build.0 = Debug|Any CPU
		{801A1E4D-61E6-4595-9358-864333A4A45C}.Release|Any CPU.ActiveCfg = Release|Any CPU
		{801A1E4D-61E6-4595-9358-864333A4A45C}.Release|Any CPU.Build.0 = Release|Any CPU
		{801A1E4D-61E6-4595-9358-864333A4A45C}.Release|x64.ActiveCfg = Release|Any CPU
		{801A1E4D-61E6-4595-9358-864333A4A45C}.Release|x64.Build.0 = Release|Any CPU
		{13966D5B-73AF-443C-B9ED-164D3F591C63}.Debug|Any CPU.ActiveCfg = Debug|Any CPU
		{13966D5B-73AF-443C-B9ED-164D3F591C63}.Debug|Any CPU.Build.0 = Debug|Any CPU
		{13966D5B-73AF-443C-B9ED-164D3F591C63}.Debug|x64.ActiveCfg = Debug|Any CPU
		{13966D5B-73AF-443C-B9ED-164D3F591C63}.Debug|x64.Build.0 = Debug|Any CPU
		{13966D5B-73AF-443C-B9ED-164D3F591C63}.Release|Any CPU.ActiveCfg = Release|Any CPU
		{13966D5B-73AF-443C-B9ED-164D3F591C63}.Release|Any CPU.Build.0 = Release|Any CPU
		{13966D5B-73AF-443C-B9ED-164D3F591C63}.Release|x64.ActiveCfg = Release|Any CPU
		{13966D5B-73AF-443C-B9ED-164D3F591C63}.Release|x64.Build.0 = Release|Any CPU
		{8D02DD1A-70ED-4FDE-B14D-D168913CE282}.Debug|Any CPU.ActiveCfg = Debug|Any CPU
		{8D02DD1A-70ED-4FDE-B14D-D168913CE282}.Debug|Any CPU.Build.0 = Debug|Any CPU
		{8D02DD1A-70ED-4FDE-B14D-D168913CE282}.Debug|x64.ActiveCfg = Debug|Any CPU
		{8D02DD1A-70ED-4FDE-B14D-D168913CE282}.Debug|x64.Build.0 = Debug|Any CPU
		{8D02DD1A-70ED-4FDE-B14D-D168913CE282}.Release|Any CPU.ActiveCfg = Debug|Any CPU
		{8D02DD1A-70ED-4FDE-B14D-D168913CE282}.Release|Any CPU.Build.0 = Debug|Any CPU
		{8D02DD1A-70ED-4FDE-B14D-D168913CE282}.Release|x64.ActiveCfg = Debug|Any CPU
		{8D02DD1A-70ED-4FDE-B14D-D168913CE282}.Release|x64.Build.0 = Debug|Any CPU
	EndGlobalSection
	GlobalSection(SolutionProperties) = preSolution
		HideSolutionNode = FALSE
	EndGlobalSection
	GlobalSection(NestedProjects) = preSolution
		{13966D5B-73AF-443C-B9ED-164D3F591C63} = {54EA27C3-173F-43E1-B8B3-134DA04982E7}
		{8D02DD1A-70ED-4FDE-B14D-D168913CE282} = {54EA27C3-173F-43E1-B8B3-134DA04982E7}
	EndGlobalSection
	GlobalSection(ExtensibilityGlobals) = postSolution
		SolutionGuid = {6AA59086-45D0-4FDC-BCA3-005F5E4FE501}
	EndGlobalSection
EndGlobal
