
Microsoft Visual Studio Solution File, Format Version 12.00
# Visual Studio Version 17
VisualStudioVersion = 17.0.31912.275
MinimumVisualStudioVersion = 10.0.40219.1
Project("{2150E333-8FDC-42A3-9474-1A3956D46DE8}") = "Samples", "Samples", "{54EA27C3-173F-43E1-B8B3-134DA04982E7}"
EndProject
Project("{9A19103F-16F7-4668-BE54-9A1E7A4F7556}") = "WkHtmlToPdf-DotNet", "WkHtmlToPdf-DotNet\WkHtmlToPdf-DotNet.csproj", "{311B868A-98AF-41F9-B4AB-7F13BEE651BE}"
EndProject
Project("{9A19103F-16F7-4668-BE54-9A1E7A4F7556}") = "TestConsoleApp", "TestConsoleApp\TestConsoleApp.csproj", "{7370EBBF-F5E9-43BB-B987-44C2BAFFDBF1}"
EndProject
Project("{9A19103F-16F7-4668-BE54-9A1E7A4F7556}") = "TestWebServer", "TestWebServer\TestWebServer.csproj", "{292A280A-24FD-41D9-867C-058E6EE6028F}"
EndProject
Project("{9A19103F-16F7-4668-BE54-9A1E7A4F7556}") = "TestConsoleAppDocker", "TestConsoleAppDocker\TestConsoleAppDocker.csproj", "{01B76909-3DE4-4F17-A208-A37F23871999}"
EndProject
Project("{9A19103F-16F7-4668-BE54-9A1E7A4F7556}") = "UnitTests", "UnitTests\UnitTests.csproj", "{41513B73-E434-4864-80DC-4909E1558E49}"
EndProject
Project("{9A19103F-16F7-4668-BE54-9A1E7A4F7556}") = "NetCore31", "PlatformNuGetTests\NetCore31\NetCore31.csproj", "{32E0E595-3401-4C5F-A270-B5DB6D56BC84}"
EndProject
Project("{2150E333-8FDC-42A3-9474-1A3956D46DE8}") = "Platform NuGet Tests", "Platform NuGet Tests", "{B2FFFBAA-D0DE-46F5-8500-64E1CAFFD087}"
EndProject
Project("{9A19103F-16F7-4668-BE54-9A1E7A4F7556}") = "Net60", "PlatformNuGetTests\Net60\Net60.csproj", "{6868762E-3A4A-4BE9-9D25-E683BF816B9D}"
EndProject
Project("{9A19103F-16F7-4668-BE54-9A1E7A4F7556}") = "Net50", "PlatformNuGetTests\Net50\Net50.csproj", "{D3EC978D-CDD4-45A9-85B0-431A8EEE2E19}"
EndProject
Project("{9A19103F-16F7-4668-BE54-9A1E7A4F7556}") = "NetFramework471", "PlatformNuGetTests\NetFramework471\NetFramework471.csproj", "{FD233DB5-682B-45BC-B6C7-8F1040B73A01}"
EndProject
Project("{9A19103F-16F7-4668-BE54-9A1E7A4F7556}") = "NetFramework48", "PlatformNuGetTests\NetFramework48\NetFramework48.csproj", "{D4048488-0A76-44E9-A75F-25567CAEEB8A}"
EndProject
Project("{9A19103F-16F7-4668-BE54-9A1E7A4F7556}") = "NetFramework461", "PlatformNuGetTests\NetFramework461\NetFramework461.csproj", "{A92BFBAB-4970-41B0-B307-A99F950DC66B}"
EndProject
Project("{FAE04EC0-301F-11D3-BF4B-00C04F79EFBC}") = "NetFramework471OldCsproj", "PlatformNuGetTests\NetFramework471OldCsproj\NetFramework471OldCsproj.csproj", "{F9B8F7A4-52F0-4786-B126-6E82969C4BE3}"
EndProject
Project("{9A19103F-16F7-4668-BE54-9A1E7A4F7556}") = "TestConsoleAppDockerAlpine", "TestConsoleAppDockerAlpine\TestConsoleAppDockerAlpine.csproj", "{06144CDC-9FC2-4A28-A632-A817A381ABC0}"
EndProject
Project("{FAE04EC0-301F-11D3-BF4B-00C04F79EFBC}") = "WkHtmlToPdf-Net472", "WkHtmlToPdf-Net472\WkHtmlToPdf-Net472.csproj", "{801A1E4D-61E6-4595-9358-864333A4A45C}"
EndProject
Project("{FAE04EC0-301F-11D3-BF4B-00C04F79EFBC}") = "Test2ConsoleApp", "Test2ConsoleApp\Test2ConsoleApp.csproj", "{13966D5B-73AF-443C-B9ED-164D3F591C63}"
EndProject
Global
	GlobalSection(SolutionConfigurationPlatforms) = preSolution
		Debug|Any CPU = Debug|Any CPU
		Debug|x64 = Debug|x64
		Release|Any CPU = Release|Any CPU
		Release|x64 = Release|x64
	EndGlobalSection
	GlobalSection(ProjectConfigurationPlatforms) = postSolution
		{311B868A-98AF-41F9-B4AB-7F13BEE651BE}.Debug|Any CPU.ActiveCfg = Debug|Any CPU
		{311B868A-98AF-41F9-B4AB-7F13BEE651BE}.Debug|Any CPU.Build.0 = Debug|Any CPU
		{311B868A-98AF-41F9-B4AB-7F13BEE651BE}.Debug|x64.ActiveCfg = Debug|Any CPU
		{311B868A-98AF-41F9-B4AB-7F13BEE651BE}.Debug|x64.Build.0 = Debug|Any CPU
		{311B868A-98AF-41F9-B4AB-7F13BEE651BE}.Release|Any CPU.ActiveCfg = Release|Any CPU
		{311B868A-98AF-41F9-B4AB-7F13BEE651BE}.Release|Any CPU.Build.0 = Release|Any CPU
		{311B868A-98AF-41F9-B4AB-7F13BEE651BE}.Release|x64.ActiveCfg = Release|Any CPU
		{311B868A-98AF-41F9-B4AB-7F13BEE651BE}.Release|x64.Build.0 = Release|Any CPU
		{7370EBBF-F5E9-43BB-B987-44C2BAFFDBF1}.Debug|Any CPU.ActiveCfg = Debug|Any CPU
		{7370EBBF-F5E9-43BB-B987-44C2BAFFDBF1}.Debug|Any CPU.Build.0 = Debug|Any CPU
		{7370EBBF-F5E9-43BB-B987-44C2BAFFDBF1}.Debug|x64.ActiveCfg = Debug|Any CPU
		{7370EBBF-F5E9-43BB-B987-44C2BAFFDBF1}.Debug|x64.Build.0 = Debug|Any CPU
		{7370EBBF-F5E9-43BB-B987-44C2BAFFDBF1}.Release|Any CPU.ActiveCfg = Release|Any CPU
		{7370EBBF-F5E9-43BB-B987-44C2BAFFDBF1}.Release|x64.ActiveCfg = Release|Any CPU
		{7370EBBF-F5E9-43BB-B987-44C2BAFFDBF1}.Release|x64.Build.0 = Release|Any CPU
		{292A280A-24FD-41D9-867C-058E6EE6028F}.Debug|Any CPU.ActiveCfg = Debug|Any CPU
		{292A280A-24FD-41D9-867C-058E6EE6028F}.Debug|Any CPU.Build.0 = Debug|Any CPU
		{292A280A-24FD-41D9-867C-058E6EE6028F}.Debug|x64.ActiveCfg = Debug|Any CPU
		{292A280A-24FD-41D9-867C-058E6EE6028F}.Debug|x64.Build.0 = Debug|Any CPU
		{292A280A-24FD-41D9-867C-058E6EE6028F}.Release|Any CPU.ActiveCfg = Release|Any CPU
		{292A280A-24FD-41D9-867C-058E6EE6028F}.Release|x64.ActiveCfg = Release|Any CPU
		{292A280A-24FD-41D9-867C-058E6EE6028F}.Release|x64.Build.0 = Release|Any CPU
		{01B76909-3DE4-4F17-A208-A37F23871999}.Debug|Any CPU.ActiveCfg = Debug|Any CPU
		{01B76909-3DE4-4F17-A208-A37F23871999}.Debug|Any CPU.Build.0 = Debug|Any CPU
		{01B76909-3DE4-4F17-A208-A37F23871999}.Debug|x64.ActiveCfg = Debug|Any CPU
		{01B76909-3DE4-4F17-A208-A37F23871999}.Debug|x64.Build.0 = Debug|Any CPU
		{01B76909-3DE4-4F17-A208-A37F23871999}.Release|Any CPU.ActiveCfg = Release|Any CPU
		{01B76909-3DE4-4F17-A208-A37F23871999}.Release|x64.ActiveCfg = Release|Any CPU
		{01B76909-3DE4-4F17-A208-A37F23871999}.Release|x64.Build.0 = Release|Any CPU
		{41513B73-E434-4864-80DC-4909E1558E49}.Debug|Any CPU.ActiveCfg = Debug|Any CPU
		{41513B73-E434-4864-80DC-4909E1558E49}.Debug|Any CPU.Build.0 = Debug|Any CPU
		{41513B73-E434-4864-80DC-4909E1558E49}.Debug|x64.ActiveCfg = Debug|Any CPU
		{41513B73-E434-4864-80DC-4909E1558E49}.Debug|x64.Build.0 = Debug|Any CPU
		{41513B73-E434-4864-80DC-4909E1558E49}.Release|Any CPU.ActiveCfg = Release|Any CPU
		{41513B73-E434-4864-80DC-4909E1558E49}.Release|Any CPU.Build.0 = Release|Any CPU
		{41513B73-E434-4864-80DC-4909E1558E49}.Release|x64.ActiveCfg = Release|Any CPU
		{41513B73-E434-4864-80DC-4909E1558E49}.Release|x64.Build.0 = Release|Any CPU
		{32E0E595-3401-4C5F-A270-B5DB6D56BC84}.Debug|Any CPU.ActiveCfg = Debug|Any CPU
		{32E0E595-3401-4C5F-A270-B5DB6D56BC84}.Debug|Any CPU.Build.0 = Debug|Any CPU
		{32E0E595-3401-4C5F-A270-B5DB6D56BC84}.Debug|x64.ActiveCfg = Debug|Any CPU
		{32E0E595-3401-4C5F-A270-B5DB6D56BC84}.Debug|x64.Build.0 = Debug|Any CPU
		{32E0E595-3401-4C5F-A270-B5DB6D56BC84}.Release|Any CPU.ActiveCfg = Release|Any CPU
		{32E0E595-3401-4C5F-A270-B5DB6D56BC84}.Release|x64.ActiveCfg = Release|Any CPU
		{32E0E595-3401-4C5F-A270-B5DB6D56BC84}.Release|x64.Build.0 = Release|Any CPU
		{6868762E-3A4A-4BE9-9D25-E683BF816B9D}.Debug|Any CPU.ActiveCfg = Debug|Any CPU
		{6868762E-3A4A-4BE9-9D25-E683BF816B9D}.Debug|Any CPU.Build.0 = Debug|Any CPU
		{6868762E-3A4A-4BE9-9D25-E683BF816B9D}.Debug|x64.ActiveCfg = Debug|Any CPU
		{6868762E-3A4A-4BE9-9D25-E683BF816B9D}.Debug|x64.Build.0 = Debug|Any CPU
		{6868762E-3A4A-4BE9-9D25-E683BF816B9D}.Release|Any CPU.ActiveCfg = Release|Any CPU
		{6868762E-3A4A-4BE9-9D25-E683BF816B9D}.Release|x64.ActiveCfg = Release|Any CPU
		{6868762E-3A4A-4BE9-9D25-E683BF816B9D}.Release|x64.Build.0 = Release|Any CPU
		{D3EC978D-CDD4-45A9-85B0-431A8EEE2E19}.Debug|Any CPU.ActiveCfg = Debug|Any CPU
		{D3EC978D-CDD4-45A9-85B0-431A8EEE2E19}.Debug|Any CPU.Build.0 = Debug|Any CPU
		{D3EC978D-CDD4-45A9-85B0-431A8EEE2E19}.Debug|x64.ActiveCfg = Debug|Any CPU
		{D3EC978D-CDD4-45A9-85B0-431A8EEE2E19}.Debug|x64.Build.0 = Debug|Any CPU
		{D3EC978D-CDD4-45A9-85B0-431A8EEE2E19}.Release|Any CPU.ActiveCfg = Release|Any CPU
		{D3EC978D-CDD4-45A9-85B0-431A8EEE2E19}.Release|x64.ActiveCfg = Release|Any CPU
		{D3EC978D-CDD4-45A9-85B0-431A8EEE2E19}.Release|x64.Build.0 = Release|Any CPU
		{FD233DB5-682B-45BC-B6C7-8F1040B73A01}.Debug|Any CPU.ActiveCfg = Debug|Any CPU
		{FD233DB5-682B-45BC-B6C7-8F1040B73A01}.Debug|Any CPU.Build.0 = Debug|Any CPU
		{FD233DB5-682B-45BC-B6C7-8F1040B73A01}.Debug|x64.ActiveCfg = Debug|Any CPU
		{FD233DB5-682B-45BC-B6C7-8F1040B73A01}.Debug|x64.Build.0 = Debug|Any CPU
		{FD233DB5-682B-45BC-B6C7-8F1040B73A01}.Release|Any CPU.ActiveCfg = Release|Any CPU
		{FD233DB5-682B-45BC-B6C7-8F1040B73A01}.Release|x64.ActiveCfg = Release|Any CPU
		{FD233DB5-682B-45BC-B6C7-8F1040B73A01}.Release|x64.Build.0 = Release|Any CPU
		{D4048488-0A76-44E9-A75F-25567CAEEB8A}.Debug|Any CPU.ActiveCfg = Debug|Any CPU
		{D4048488-0A76-44E9-A75F-25567CAEEB8A}.Debug|Any CPU.Build.0 = Debug|Any CPU
		{D4048488-0A76-44E9-A75F-25567CAEEB8A}.Debug|x64.ActiveCfg = Debug|Any CPU
		{D4048488-0A76-44E9-A75F-25567CAEEB8A}.Debug|x64.Build.0 = Debug|Any CPU
		{D4048488-0A76-44E9-A75F-25567CAEEB8A}.Release|Any CPU.ActiveCfg = Release|Any CPU
		{D4048488-0A76-44E9-A75F-25567CAEEB8A}.Release|x64.ActiveCfg = Release|Any CPU
		{D4048488-0A76-44E9-A75F-25567CAEEB8A}.Release|x64.Build.0 = Release|Any CPU
		{A92BFBAB-4970-41B0-B307-A99F950DC66B}.Debug|Any CPU.ActiveCfg = Debug|Any CPU
		{A92BFBAB-4970-41B0-B307-A99F950DC66B}.Debug|Any CPU.Build.0 = Debug|Any CPU
		{A92BFBAB-4970-41B0-B307-A99F950DC66B}.Debug|x64.ActiveCfg = Debug|Any CPU
		{A92BFBAB-4970-41B0-B307-A99F950DC66B}.Debug|x64.Build.0 = Debug|Any CPU
		{A92BFBAB-4970-41B0-B307-A99F950DC66B}.Release|Any CPU.ActiveCfg = Release|Any CPU
		{A92BFBAB-4970-41B0-B307-A99F950DC66B}.Release|x64.ActiveCfg = Release|Any CPU
		{A92BFBAB-4970-41B0-B307-A99F950DC66B}.Release|x64.Build.0 = Release|Any CPU
		{F9B8F7A4-52F0-4786-B126-6E82969C4BE3}.Debug|Any CPU.ActiveCfg = Debug|Any CPU
		{F9B8F7A4-52F0-4786-B126-6E82969C4BE3}.Debug|Any CPU.Build.0 = Debug|Any CPU
		{F9B8F7A4-52F0-4786-B126-6E82969C4BE3}.Debug|x64.ActiveCfg = Debug|x64
		{F9B8F7A4-52F0-4786-B126-6E82969C4BE3}.Debug|x64.Build.0 = Debug|x64
		{F9B8F7A4-52F0-4786-B126-6E82969C4BE3}.Release|Any CPU.ActiveCfg = Release|Any CPU
		{F9B8F7A4-52F0-4786-B126-6E82969C4BE3}.Release|x64.ActiveCfg = Release|x64
		{F9B8F7A4-52F0-4786-B126-6E82969C4BE3}.Release|x64.Build.0 = Release|x64
		{06144CDC-9FC2-4A28-A632-A817A381ABC0}.Debug|Any CPU.ActiveCfg = Debug|Any CPU
		{06144CDC-9FC2-4A28-A632-A817A381ABC0}.Debug|Any CPU.Build.0 = Debug|Any CPU
		{06144CDC-9FC2-4A28-A632-A817A381ABC0}.Debug|x64.ActiveCfg = Debug|Any CPU
		{06144CDC-9FC2-4A28-A632-A817A381ABC0}.Debug|x64.Build.0 = Debug|Any CPU
		{06144CDC-9FC2-4A28-A632-A817A381ABC0}.Release|Any CPU.ActiveCfg = Release|Any CPU
		{06144CDC-9FC2-4A28-A632-A817A381ABC0}.Release|Any CPU.Build.0 = Release|Any CPU
		{06144CDC-9FC2-4A28-A632-A817A381ABC0}.Release|x64.ActiveCfg = Release|Any CPU
		{06144CDC-9FC2-4A28-A632-A817A381ABC0}.Release|x64.Build.0 = Release|Any CPU
		{801A1E4D-61E6-4595-9358-864333A4A45C}.Debug|Any CPU.ActiveCfg = Debug|Any CPU
		{801A1E4D-61E6-4595-9358-864333A4A45C}.Debug|Any CPU.Build.0 = Debug|Any CPU
		{801A1E4D-61E6-4595-9358-864333A4A45C}.Debug|x64.ActiveCfg = Debug|Any CPU
		{801A1E4D-61E6-4595-9358-864333A4A45C}.Debug|x64.Build.0 = Debug|Any CPU
		{801A1E4D-61E6-4595-9358-864333A4A45C}.Release|Any CPU.ActiveCfg = Release|Any CPU
		{801A1E4D-61E6-4595-9358-864333A4A45C}.Release|Any CPU.Build.0 = Release|Any CPU
		{801A1E4D-61E6-4595-9358-864333A4A45C}.Release|x64.ActiveCfg = Release|Any CPU
		{801A1E4D-61E6-4595-9358-864333A4A45C}.Release|x64.Build.0 = Release|Any CPU
		{13966D5B-73AF-443C-B9ED-164D3F591C63}.Debug|Any CPU.ActiveCfg = Debug|Any CPU
		{13966D5B-73AF-443C-B9ED-164D3F591C63}.Debug|Any CPU.Build.0 = Debug|Any CPU
		{13966D5B-73AF-443C-B9ED-164D3F591C63}.Debug|x64.ActiveCfg = Debug|Any CPU
		{13966D5B-73AF-443C-B9ED-164D3F591C63}.Debug|x64.Build.0 = Debug|Any CPU
		{13966D5B-73AF-443C-B9ED-164D3F591C63}.Release|Any CPU.ActiveCfg = Release|Any CPU
		{13966D5B-73AF-443C-B9ED-164D3F591C63}.Release|Any CPU.Build.0 = Release|Any CPU
		{13966D5B-73AF-443C-B9ED-164D3F591C63}.Release|x64.ActiveCfg = Release|Any CPU
		{13966D5B-73AF-443C-B9ED-164D3F591C63}.Release|x64.Build.0 = Release|Any CPU
	EndGlobalSection
	GlobalSection(SolutionProperties) = preSolution
		HideSolutionNode = FALSE
	EndGlobalSection
	GlobalSection(NestedProjects) = preSolution
		{7370EBBF-F5E9-43BB-B987-44C2BAFFDBF1} = {54EA27C3-173F-43E1-B8B3-134DA04982E7}
		{292A280A-24FD-41D9-867C-058E6EE6028F} = {54EA27C3-173F-43E1-B8B3-134DA04982E7}
		{01B76909-3DE4-4F17-A208-A37F23871999} = {54EA27C3-173F-43E1-B8B3-134DA04982E7}
		{32E0E595-3401-4C5F-A270-B5DB6D56BC84} = {B2FFFBAA-D0DE-46F5-8500-64E1CAFFD087}
		{6868762E-3A4A-4BE9-9D25-E683BF816B9D} = {B2FFFBAA-D0DE-46F5-8500-64E1CAFFD087}
		{D3EC978D-CDD4-45A9-85B0-431A8EEE2E19} = {B2FFFBAA-D0DE-46F5-8500-64E1CAFFD087}
		{FD233DB5-682B-45BC-B6C7-8F1040B73A01} = {B2FFFBAA-D0DE-46F5-8500-64E1CAFFD087}
		{D4048488-0A76-44E9-A75F-25567CAEEB8A} = {B2FFFBAA-D0DE-46F5-8500-64E1CAFFD087}
		{A92BFBAB-4970-41B0-B307-A99F950DC66B} = {B2FFFBAA-D0DE-46F5-8500-64E1CAFFD087}
		{F9B8F7A4-52F0-4786-B126-6E82969C4BE3} = {B2FFFBAA-D0DE-46F5-8500-64E1CAFFD087}
		{06144CDC-9FC2-4A28-A632-A817A381ABC0} = {54EA27C3-173F-43E1-B8B3-134DA04982E7}
		{13966D5B-73AF-443C-B9ED-164D3F591C63} = {54EA27C3-173F-43E1-B8B3-134DA04982E7}
	EndGlobalSection
	GlobalSection(ExtensibilityGlobals) = postSolution
		SolutionGuid = {6AA59086-45D0-4FDC-BCA3-005F5E4FE501}
	EndGlobalSection
EndGlobal
